// !$*UTF8*$!
{
	archiveVersion = 1;
	classes = {
	};
	objectVersion = 56;
	objects = {

/* Begin PBXBuildFile section */
		51459DFA29F7F908001D43FD /* LogInViewController.swift in Sources */ = {isa = PBXBuildFile; fileRef = 51459DF929F7F908001D43FD /* LogInViewController.swift */; };
		517F5DA629E15ABE00EB4285 /* AppDelegate.swift in Sources */ = {isa = PBXBuildFile; fileRef = 517F5DA529E15ABE00EB4285 /* AppDelegate.swift */; };
		517F5DA829E15ABE00EB4285 /* SceneDelegate.swift in Sources */ = {isa = PBXBuildFile; fileRef = 517F5DA729E15ABE00EB4285 /* SceneDelegate.swift */; };
		517F5DAA29E15ABE00EB4285 /* ViewController.swift in Sources */ = {isa = PBXBuildFile; fileRef = 517F5DA929E15ABE00EB4285 /* ViewController.swift */; };
		517F5DAF29E15ABF00EB4285 /* Assets.xcassets in Resources */ = {isa = PBXBuildFile; fileRef = 517F5DAE29E15ABF00EB4285 /* Assets.xcassets */; };
		517F5DB229E15ABF00EB4285 /* LaunchScreen.storyboard in Resources */ = {isa = PBXBuildFile; fileRef = 517F5DB029E15ABF00EB4285 /* LaunchScreen.storyboard */; };
		51BF5A8229FFD56E00AEBE38 /* UsersPost.swift in Sources */ = {isa = PBXBuildFile; fileRef = 51BF5A8129FFD56E00AEBE38 /* UsersPost.swift */; };
		51BF5A842A001B2300AEBE38 /* PostCustomViewCell.swift in Sources */ = {isa = PBXBuildFile; fileRef = 51BF5A832A001B2300AEBE38 /* PostCustomViewCell.swift */; };
		51BF5A862A002AB300AEBE38 /* UIViewExtension.swift in Sources */ = {isa = PBXBuildFile; fileRef = 51BF5A852A002AB300AEBE38 /* UIViewExtension.swift */; };
		51BF5A892A07B0DC00AEBE38 /* PhotosViewController.swift in Sources */ = {isa = PBXBuildFile; fileRef = 51BF5A882A07B0DC00AEBE38 /* PhotosViewController.swift */; };
		51BF5A8B2A092DC700AEBE38 /* PhotoStruct.swift in Sources */ = {isa = PBXBuildFile; fileRef = 51BF5A8A2A092DC700AEBE38 /* PhotoStruct.swift */; };
		51BF5A8D2A0938A600AEBE38 /* PhotosTableViewCell.swift in Sources */ = {isa = PBXBuildFile; fileRef = 51BF5A8C2A0938A600AEBE38 /* PhotosTableViewCell.swift */; };
		51BF5A8F2A0A3EC100AEBE38 /* PhotosCollectionViewCell.swift in Sources */ = {isa = PBXBuildFile; fileRef = 51BF5A8E2A0A3EC100AEBE38 /* PhotosCollectionViewCell.swift */; };
		51C8E3B729E1800500C3C1FF /* ProfileViewController.swift in Sources */ = {isa = PBXBuildFile; fileRef = 51C8E3B629E1800500C3C1FF /* ProfileViewController.swift */; };
		51C8E3B929E299F200C3C1FF /* FeedViewController.swift in Sources */ = {isa = PBXBuildFile; fileRef = 51C8E3B829E299F200C3C1FF /* FeedViewController.swift */; };
		51C8E3BB29E2A5DC00C3C1FF /* PostViewController.swift in Sources */ = {isa = PBXBuildFile; fileRef = 51C8E3BA29E2A5DC00C3C1FF /* PostViewController.swift */; };
		51C8E3BD29E2B0AE00C3C1FF /* InfoViewController.swift in Sources */ = {isa = PBXBuildFile; fileRef = 51C8E3BC29E2B0AE00C3C1FF /* InfoViewController.swift */; };
		51C8E3BF29E3191C00C3C1FF /* Post.swift in Sources */ = {isa = PBXBuildFile; fileRef = 51C8E3BE29E3191C00C3C1FF /* Post.swift */; };
		51CBB1ED29EB07E0007F4115 /* ProfileHeaderView.swift in Sources */ = {isa = PBXBuildFile; fileRef = 51CBB1EC29EB07E0007F4115 /* ProfileHeaderView.swift */; };
/* End PBXBuildFile section */

/* Begin PBXFileReference section */
		51459DF929F7F908001D43FD /* LogInViewController.swift */ = {isa = PBXFileReference; lastKnownFileType = sourcecode.swift; path = LogInViewController.swift; sourceTree = "<group>"; };
		517F5DA229E15ABE00EB4285 /* Navigation.app */ = {isa = PBXFileReference; explicitFileType = wrapper.application; includeInIndex = 0; path = Navigation.app; sourceTree = BUILT_PRODUCTS_DIR; };
		517F5DA529E15ABE00EB4285 /* AppDelegate.swift */ = {isa = PBXFileReference; lastKnownFileType = sourcecode.swift; path = AppDelegate.swift; sourceTree = "<group>"; };
		517F5DA729E15ABE00EB4285 /* SceneDelegate.swift */ = {isa = PBXFileReference; lastKnownFileType = sourcecode.swift; path = SceneDelegate.swift; sourceTree = "<group>"; };
		517F5DA929E15ABE00EB4285 /* ViewController.swift */ = {isa = PBXFileReference; lastKnownFileType = sourcecode.swift; path = ViewController.swift; sourceTree = "<group>"; };
		517F5DAE29E15ABF00EB4285 /* Assets.xcassets */ = {isa = PBXFileReference; lastKnownFileType = folder.assetcatalog; path = Assets.xcassets; sourceTree = "<group>"; };
		517F5DB129E15ABF00EB4285 /* Base */ = {isa = PBXFileReference; lastKnownFileType = file.storyboard; name = Base; path = Base.lproj/LaunchScreen.storyboard; sourceTree = "<group>"; };
		517F5DB329E15ABF00EB4285 /* Info.plist */ = {isa = PBXFileReference; lastKnownFileType = text.plist.xml; path = Info.plist; sourceTree = "<group>"; };
		51BF5A8129FFD56E00AEBE38 /* UsersPost.swift */ = {isa = PBXFileReference; lastKnownFileType = sourcecode.swift; path = UsersPost.swift; sourceTree = "<group>"; };
		51BF5A832A001B2300AEBE38 /* PostCustomViewCell.swift */ = {isa = PBXFileReference; lastKnownFileType = sourcecode.swift; path = PostCustomViewCell.swift; sourceTree = "<group>"; };
		51BF5A852A002AB300AEBE38 /* UIViewExtension.swift */ = {isa = PBXFileReference; lastKnownFileType = sourcecode.swift; path = UIViewExtension.swift; sourceTree = "<group>"; };
		51BF5A882A07B0DC00AEBE38 /* PhotosViewController.swift */ = {isa = PBXFileReference; lastKnownFileType = sourcecode.swift; path = PhotosViewController.swift; sourceTree = "<group>"; };
		51BF5A8A2A092DC700AEBE38 /* PhotoStruct.swift */ = {isa = PBXFileReference; lastKnownFileType = sourcecode.swift; path = PhotoStruct.swift; sourceTree = "<group>"; };
		51BF5A8C2A0938A600AEBE38 /* PhotosTableViewCell.swift */ = {isa = PBXFileReference; lastKnownFileType = sourcecode.swift; path = PhotosTableViewCell.swift; sourceTree = "<group>"; };
		51BF5A8E2A0A3EC100AEBE38 /* PhotosCollectionViewCell.swift */ = {isa = PBXFileReference; lastKnownFileType = sourcecode.swift; path = PhotosCollectionViewCell.swift; sourceTree = "<group>"; };
		51C8E3B629E1800500C3C1FF /* ProfileViewController.swift */ = {isa = PBXFileReference; lastKnownFileType = sourcecode.swift; path = ProfileViewController.swift; sourceTree = "<group>"; };
		51C8E3B829E299F200C3C1FF /* FeedViewController.swift */ = {isa = PBXFileReference; lastKnownFileType = sourcecode.swift; path = FeedViewController.swift; sourceTree = "<group>"; };
		51C8E3BA29E2A5DC00C3C1FF /* PostViewController.swift */ = {isa = PBXFileReference; lastKnownFileType = sourcecode.swift; path = PostViewController.swift; sourceTree = "<group>"; };
		51C8E3BC29E2B0AE00C3C1FF /* InfoViewController.swift */ = {isa = PBXFileReference; lastKnownFileType = sourcecode.swift; path = InfoViewController.swift; sourceTree = "<group>"; };
		51C8E3BE29E3191C00C3C1FF /* Post.swift */ = {isa = PBXFileReference; lastKnownFileType = sourcecode.swift; path = Post.swift; sourceTree = "<group>"; };
		51CBB1EC29EB07E0007F4115 /* ProfileHeaderView.swift */ = {isa = PBXFileReference; lastKnownFileType = sourcecode.swift; path = ProfileHeaderView.swift; sourceTree = "<group>"; };
/* End PBXFileReference section */

/* Begin PBXFrameworksBuildPhase section */
		517F5D9F29E15ABE00EB4285 /* Frameworks */ = {
			isa = PBXFrameworksBuildPhase;
			buildActionMask = 2147483647;
			files = (
			);
			runOnlyForDeploymentPostprocessing = 0;
		};
/* End PBXFrameworksBuildPhase section */

/* Begin PBXGroup section */
		517F5D9929E15ABE00EB4285 = {
			isa = PBXGroup;
			children = (
				517F5DA429E15ABE00EB4285 /* Navigation */,
				517F5DA329E15ABE00EB4285 /* Products */,
			);
			sourceTree = "<group>";
		};
		517F5DA329E15ABE00EB4285 /* Products */ = {
			isa = PBXGroup;
			children = (
				517F5DA229E15ABE00EB4285 /* Navigation.app */,
			);
			name = Products;
			sourceTree = "<group>";
		};
		517F5DA429E15ABE00EB4285 /* Navigation */ = {
			isa = PBXGroup;
			children = (
				517F5DA529E15ABE00EB4285 /* AppDelegate.swift */,
				517F5DA729E15ABE00EB4285 /* SceneDelegate.swift */,
				51C8E3B829E299F200C3C1FF /* FeedViewController.swift */,
				517F5DA929E15ABE00EB4285 /* ViewController.swift */,
				517F5DAE29E15ABF00EB4285 /* Assets.xcassets */,
				517F5DB029E15ABF00EB4285 /* LaunchScreen.storyboard */,
				517F5DB329E15ABF00EB4285 /* Info.plist */,
				51C8E3BA29E2A5DC00C3C1FF /* PostViewController.swift */,
				51C8E3BC29E2B0AE00C3C1FF /* InfoViewController.swift */,
				51C8E3BE29E3191C00C3C1FF /* Post.swift */,
				51BF5A872A07B09400AEBE38 /* PhotoGroup */,
				51BF5A7E29FE6E4F00AEBE38 /* PostGroup */,
				51CBB1EB29EB07AF007F4115 /* Profile */,
			);
			path = Navigation;
			sourceTree = "<group>";
		};
		51BF5A7E29FE6E4F00AEBE38 /* PostGroup */ = {
			isa = PBXGroup;
			children = (
				51BF5A8129FFD56E00AEBE38 /* UsersPost.swift */,
				51BF5A832A001B2300AEBE38 /* PostCustomViewCell.swift */,
				51BF5A852A002AB300AEBE38 /* UIViewExtension.swift */,
			);
			path = PostGroup;
			sourceTree = "<group>";
		};
		51BF5A872A07B09400AEBE38 /* PhotoGroup */ = {
			isa = PBXGroup;
			children = (
				51BF5A882A07B0DC00AEBE38 /* PhotosViewController.swift */,
				51BF5A8A2A092DC700AEBE38 /* PhotoStruct.swift */,
				51BF5A8C2A0938A600AEBE38 /* PhotosTableViewCell.swift */,
				51BF5A8E2A0A3EC100AEBE38 /* PhotosCollectionViewCell.swift */,
			);
			path = PhotoGroup;
			sourceTree = "<group>";
		};
		51CBB1EB29EB07AF007F4115 /* Profile */ = {
			isa = PBXGroup;
			children = (
				51C8E3B629E1800500C3C1FF /* ProfileViewController.swift */,
				51CBB1EC29EB07E0007F4115 /* ProfileHeaderView.swift */,
				51459DF929F7F908001D43FD /* LogInViewController.swift */,
			);
			path = Profile;
			sourceTree = "<group>";
		};
/* End PBXGroup section */

/* Begin PBXNativeTarget section */
		517F5DA129E15ABE00EB4285 /* Navigation */ = {
			isa = PBXNativeTarget;
			buildConfigurationList = 517F5DB629E15ABF00EB4285 /* Build configuration list for PBXNativeTarget "Navigation" */;
			buildPhases = (
				517F5D9E29E15ABE00EB4285 /* Sources */,
				517F5D9F29E15ABE00EB4285 /* Frameworks */,
				517F5DA029E15ABE00EB4285 /* Resources */,
			);
			buildRules = (
			);
			dependencies = (
			);
			name = Navigation;
			productName = Navigation;
			productReference = 517F5DA229E15ABE00EB4285 /* Navigation.app */;
			productType = "com.apple.product-type.application";
		};
/* End PBXNativeTarget section */

/* Begin PBXProject section */
		517F5D9A29E15ABE00EB4285 /* Project object */ = {
			isa = PBXProject;
			attributes = {
				BuildIndependentTargetsInParallel = 1;
				LastSwiftUpdateCheck = 1420;
				LastUpgradeCheck = 1420;
				TargetAttributes = {
					517F5DA129E15ABE00EB4285 = {
						CreatedOnToolsVersion = 14.2;
					};
				};
			};
			buildConfigurationList = 517F5D9D29E15ABE00EB4285 /* Build configuration list for PBXProject "Navigation" */;
			compatibilityVersion = "Xcode 14.0";
			developmentRegion = en;
			hasScannedForEncodings = 0;
			knownRegions = (
				en,
				Base,
			);
			mainGroup = 517F5D9929E15ABE00EB4285;
			productRefGroup = 517F5DA329E15ABE00EB4285 /* Products */;
			projectDirPath = "";
			projectRoot = "";
			targets = (
				517F5DA129E15ABE00EB4285 /* Navigation */,
			);
		};
/* End PBXProject section */

/* Begin PBXResourcesBuildPhase section */
		517F5DA029E15ABE00EB4285 /* Resources */ = {
			isa = PBXResourcesBuildPhase;
			buildActionMask = 2147483647;
			files = (
				517F5DB229E15ABF00EB4285 /* LaunchScreen.storyboard in Resources */,
				517F5DAF29E15ABF00EB4285 /* Assets.xcassets in Resources */,
			);
			runOnlyForDeploymentPostprocessing = 0;
		};
/* End PBXResourcesBuildPhase section */

/* Begin PBXSourcesBuildPhase section */
		517F5D9E29E15ABE00EB4285 /* Sources */ = {
			isa = PBXSourcesBuildPhase;
			buildActionMask = 2147483647;
			files = (
				51C8E3BB29E2A5DC00C3C1FF /* PostViewController.swift in Sources */,
				517F5DAA29E15ABE00EB4285 /* ViewController.swift in Sources */,
				517F5DA629E15ABE00EB4285 /* AppDelegate.swift in Sources */,
				51BF5A842A001B2300AEBE38 /* PostCustomViewCell.swift in Sources */,
				51BF5A8D2A0938A600AEBE38 /* PhotosTableViewCell.swift in Sources */,
				51C8E3BF29E3191C00C3C1FF /* Post.swift in Sources */,
				51CBB1ED29EB07E0007F4115 /* ProfileHeaderView.swift in Sources */,
				51C8E3BD29E2B0AE00C3C1FF /* InfoViewController.swift in Sources */,
				51BF5A8B2A092DC700AEBE38 /* PhotoStruct.swift in Sources */,
				51C8E3B929E299F200C3C1FF /* FeedViewController.swift in Sources */,
				51C8E3B729E1800500C3C1FF /* ProfileViewController.swift in Sources */,
				51BF5A862A002AB300AEBE38 /* UIViewExtension.swift in Sources */,
				51459DFA29F7F908001D43FD /* LogInViewController.swift in Sources */,
				51BF5A892A07B0DC00AEBE38 /* PhotosViewController.swift in Sources */,
				51BF5A8F2A0A3EC100AEBE38 /* PhotosCollectionViewCell.swift in Sources */,
				51BF5A8229FFD56E00AEBE38 /* UsersPost.swift in Sources */,
				517F5DA829E15ABE00EB4285 /* SceneDelegate.swift in Sources */,
			);
			runOnlyForDeploymentPostprocessing = 0;
		};
/* End PBXSourcesBuildPhase section */

/* Begin PBXVariantGroup section */
		517F5DB029E15ABF00EB4285 /* LaunchScreen.storyboard */ = {
			isa = PBXVariantGroup;
			children = (
				517F5DB129E15ABF00EB4285 /* Base */,
			);
			name = LaunchScreen.storyboard;
			sourceTree = "<group>";
		};
/* End PBXVariantGroup section */

/* Begin XCBuildConfiguration section */
		517F5DB429E15ABF00EB4285 /* Debug */ = {
			isa = XCBuildConfiguration;
			buildSettings = {
				ALWAYS_SEARCH_USER_PATHS = NO;
				CLANG_ANALYZER_NONNULL = YES;
				CLANG_ANALYZER_NUMBER_OBJECT_CONVERSION = YES_AGGRESSIVE;
				CLANG_CXX_LANGUAGE_STANDARD = "gnu++20";
				CLANG_ENABLE_MODULES = YES;
				CLANG_ENABLE_OBJC_ARC = YES;
				CLANG_ENABLE_OBJC_WEAK = YES;
				CLANG_WARN_BLOCK_CAPTURE_AUTORELEASING = YES;
				CLANG_WARN_BOOL_CONVERSION = YES;
				CLANG_WARN_COMMA = YES;
				CLANG_WARN_CONSTANT_CONVERSION = YES;
				CLANG_WARN_DEPRECATED_OBJC_IMPLEMENTATIONS = YES;
				CLANG_WARN_DIRECT_OBJC_ISA_USAGE = YES_ERROR;
				CLANG_WARN_DOCUMENTATION_COMMENTS = YES;
				CLANG_WARN_EMPTY_BODY = YES;
				CLANG_WARN_ENUM_CONVERSION = YES;
				CLANG_WARN_INFINITE_RECURSION = YES;
				CLANG_WARN_INT_CONVERSION = YES;
				CLANG_WARN_NON_LITERAL_NULL_CONVERSION = YES;
				CLANG_WARN_OBJC_IMPLICIT_RETAIN_SELF = YES;
				CLANG_WARN_OBJC_LITERAL_CONVERSION = YES;
				CLANG_WARN_OBJC_ROOT_CLASS = YES_ERROR;
				CLANG_WARN_QUOTED_INCLUDE_IN_FRAMEWORK_HEADER = YES;
				CLANG_WARN_RANGE_LOOP_ANALYSIS = YES;
				CLANG_WARN_STRICT_PROTOTYPES = YES;
				CLANG_WARN_SUSPICIOUS_MOVE = YES;
				CLANG_WARN_UNGUARDED_AVAILABILITY = YES_AGGRESSIVE;
				CLANG_WARN_UNREACHABLE_CODE = YES;
				CLANG_WARN__DUPLICATE_METHOD_MATCH = YES;
				COPY_PHASE_STRIP = NO;
				DEBUG_INFORMATION_FORMAT = dwarf;
				ENABLE_STRICT_OBJC_MSGSEND = YES;
				ENABLE_TESTABILITY = YES;
				GCC_C_LANGUAGE_STANDARD = gnu11;
				GCC_DYNAMIC_NO_PIC = NO;
				GCC_NO_COMMON_BLOCKS = YES;
				GCC_OPTIMIZATION_LEVEL = 0;
				GCC_PREPROCESSOR_DEFINITIONS = (
					"DEBUG=1",
					"$(inherited)",
				);
				GCC_WARN_64_TO_32_BIT_CONVERSION = YES;
				GCC_WARN_ABOUT_RETURN_TYPE = YES_ERROR;
				GCC_WARN_UNDECLARED_SELECTOR = YES;
				GCC_WARN_UNINITIALIZED_AUTOS = YES_AGGRESSIVE;
				GCC_WARN_UNUSED_FUNCTION = YES;
				GCC_WARN_UNUSED_VARIABLE = YES;
				IPHONEOS_DEPLOYMENT_TARGET = 16.2;
				MTL_ENABLE_DEBUG_INFO = INCLUDE_SOURCE;
				MTL_FAST_MATH = YES;
				ONLY_ACTIVE_ARCH = YES;
				SDKROOT = iphoneos;
				SWIFT_ACTIVE_COMPILATION_CONDITIONS = DEBUG;
				SWIFT_OPTIMIZATION_LEVEL = "-Onone";
			};
			name = Debug;
		};
		517F5DB529E15ABF00EB4285 /* Release */ = {
			isa = XCBuildConfiguration;
			buildSettings = {
				ALWAYS_SEARCH_USER_PATHS = NO;
				CLANG_ANALYZER_NONNULL = YES;
				CLANG_ANALYZER_NUMBER_OBJECT_CONVERSION = YES_AGGRESSIVE;
				CLANG_CXX_LANGUAGE_STANDARD = "gnu++20";
				CLANG_ENABLE_MODULES = YES;
				CLANG_ENABLE_OBJC_ARC = YES;
				CLANG_ENABLE_OBJC_WEAK = YES;
				CLANG_WARN_BLOCK_CAPTURE_AUTORELEASING = YES;
				CLANG_WARN_BOOL_CONVERSION = YES;
				CLANG_WARN_COMMA = YES;
				CLANG_WARN_CONSTANT_CONVERSION = YES;
				CLANG_WARN_DEPRECATED_OBJC_IMPLEMENTATIONS = YES;
				CLANG_WARN_DIRECT_OBJC_ISA_USAGE = YES_ERROR;
				CLANG_WARN_DOCUMENTATION_COMMENTS = YES;
				CLANG_WARN_EMPTY_BODY = YES;
				CLANG_WARN_ENUM_CONVERSION = YES;
				CLANG_WARN_INFINITE_RECURSION = YES;
				CLANG_WARN_INT_CONVERSION = YES;
				CLANG_WARN_NON_LITERAL_NULL_CONVERSION = YES;
				CLANG_WARN_OBJC_IMPLICIT_RETAIN_SELF = YES;
				CLANG_WARN_OBJC_LITERAL_CONVERSION = YES;
				CLANG_WARN_OBJC_ROOT_CLASS = YES_ERROR;
				CLANG_WARN_QUOTED_INCLUDE_IN_FRAMEWORK_HEADER = YES;
				CLANG_WARN_RANGE_LOOP_ANALYSIS = YES;
				CLANG_WARN_STRICT_PROTOTYPES = YES;
				CLANG_WARN_SUSPICIOUS_MOVE = YES;
				CLANG_WARN_UNGUARDED_AVAILABILITY = YES_AGGRESSIVE;
				CLANG_WARN_UNREACHABLE_CODE = YES;
				CLANG_WARN__DUPLICATE_METHOD_MATCH = YES;
				COPY_PHASE_STRIP = NO;
				DEBUG_INFORMATION_FORMAT = "dwarf-with-dsym";
				ENABLE_NS_ASSERTIONS = NO;
				ENABLE_STRICT_OBJC_MSGSEND = YES;
				GCC_C_LANGUAGE_STANDARD = gnu11;
				GCC_NO_COMMON_BLOCKS = YES;
				GCC_WARN_64_TO_32_BIT_CONVERSION = YES;
				GCC_WARN_ABOUT_RETURN_TYPE = YES_ERROR;
				GCC_WARN_UNDECLARED_SELECTOR = YES;
				GCC_WARN_UNINITIALIZED_AUTOS = YES_AGGRESSIVE;
				GCC_WARN_UNUSED_FUNCTION = YES;
				GCC_WARN_UNUSED_VARIABLE = YES;
				IPHONEOS_DEPLOYMENT_TARGET = 16.2;
				MTL_ENABLE_DEBUG_INFO = NO;
				MTL_FAST_MATH = YES;
				SDKROOT = iphoneos;
				SWIFT_COMPILATION_MODE = wholemodule;
				SWIFT_OPTIMIZATION_LEVEL = "-O";
				VALIDATE_PRODUCT = YES;
			};
			name = Release;
		};
		517F5DB729E15ABF00EB4285 /* Debug */ = {
			isa = XCBuildConfiguration;
			buildSettings = {
				ASSETCATALOG_COMPILER_APPICON_NAME = AppIcon;
				ASSETCATALOG_COMPILER_GLOBAL_ACCENT_COLOR_NAME = AccentColor;
				CODE_SIGN_STYLE = Automatic;
				CURRENT_PROJECT_VERSION = 1;
				DEVELOPMENT_TEAM = L24ACGSC43;
				GENERATE_INFOPLIST_FILE = YES;
				INFOPLIST_FILE = Navigation/Info.plist;
				INFOPLIST_KEY_UIApplicationSupportsIndirectInputEvents = YES;
				INFOPLIST_KEY_UILaunchStoryboardName = LaunchScreen;
				INFOPLIST_KEY_UIMainStoryboardFile = "";
				INFOPLIST_KEY_UISupportedInterfaceOrientations_iPad = "UIInterfaceOrientationPortrait UIInterfaceOrientationPortraitUpsideDown UIInterfaceOrientationLandscapeLeft UIInterfaceOrientationLandscapeRight";
				INFOPLIST_KEY_UISupportedInterfaceOrientations_iPhone = "UIInterfaceOrientationPortrait UIInterfaceOrientationLandscapeLeft UIInterfaceOrientationLandscapeRight";
				LD_RUNPATH_SEARCH_PATHS = (
					"$(inherited)",
					"@executable_path/Frameworks",
				);
				MARKETING_VERSION = 1.0;
				PRODUCT_BUNDLE_IDENTIFIER = icorp.one.Navigation;
				PRODUCT_NAME = "$(TARGET_NAME)";
				SWIFT_EMIT_LOC_STRINGS = YES;
				SWIFT_VERSION = 5.0;
				TARGETED_DEVICE_FAMILY = "1,2";
			};
			name = Debug;
		};
		517F5DB829E15ABF00EB4285 /* Release */ = {
			isa = XCBuildConfiguration;
			buildSettings = {
				ASSETCATALOG_COMPILER_APPICON_NAME = AppIcon;
				ASSETCATALOG_COMPILER_GLOBAL_ACCENT_COLOR_NAME = AccentColor;
				CODE_SIGN_STYLE = Automatic;
				CURRENT_PROJECT_VERSION = 1;
				DEVELOPMENT_TEAM = L24ACGSC43;
				GENERATE_INFOPLIST_FILE = YES;
				INFOPLIST_FILE = Navigation/Info.plist;
				INFOPLIST_KEY_UIApplicationSupportsIndirectInputEvents = YES;
				INFOPLIST_KEY_UILaunchStoryboardName = LaunchScreen;
				INFOPLIST_KEY_UIMainStoryboardFile = "";
				INFOPLIST_KEY_UISupportedInterfaceOrientations_iPad = "UIInterfaceOrientationPortrait UIInterfaceOrientationPortraitUpsideDown UIInterfaceOrientationLandscapeLeft UIInterfaceOrientationLandscapeRight";
				INFOPLIST_KEY_UISupportedInterfaceOrientations_iPhone = "UIInterfaceOrientationPortrait UIInterfaceOrientationLandscapeLeft UIInterfaceOrientationLandscapeRight";
				LD_RUNPATH_SEARCH_PATHS = (
					"$(inherited)",
					"@executable_path/Frameworks",
				);
				MARKETING_VERSION = 1.0;
				PRODUCT_BUNDLE_IDENTIFIER = icorp.one.Navigation;
				PRODUCT_NAME = "$(TARGET_NAME)";
				SWIFT_EMIT_LOC_STRINGS = YES;
				SWIFT_VERSION = 5.0;
				TARGETED_DEVICE_FAMILY = "1,2";
			};
			name = Release;
		};
/* End XCBuildConfiguration section */

/* Begin XCConfigurationList section */
		517F5D9D29E15ABE00EB4285 /* Build configuration list for PBXProject "Navigation" */ = {
			isa = XCConfigurationList;
			buildConfigurations = (
				517F5DB429E15ABF00EB4285 /* Debug */,
				517F5DB529E15ABF00EB4285 /* Release */,
			);
			defaultConfigurationIsVisible = 0;
			defaultConfigurationName = Release;
		};
		517F5DB629E15ABF00EB4285 /* Build configuration list for PBXNativeTarget "Navigation" */ = {
			isa = XCConfigurationList;
			buildConfigurations = (
				517F5DB729E15ABF00EB4285 /* Debug */,
				517F5DB829E15ABF00EB4285 /* Release */,
			);
			defaultConfigurationIsVisible = 0;
			defaultConfigurationName = Release;
		};
/* End XCConfigurationList section */
	};
	rootObject = 517F5D9A29E15ABE00EB4285 /* Project object */;
}
